
Microsoft Visual Studio Solution File, Format Version 12.00
# Visual Studio 14
VisualStudioVersion = 14.0.24720.0
MinimumVisualStudioVersion = 10.0.40219.1
Project("{FAE04EC0-301F-11D3-BF4B-00C04F79EFBC}") = "IrrigationController", "IrrigationController\IrrigationController.csproj", "{0C2B260A-52B8-4DCC-A6F8-76CC6E9A30E7}"
EndProject
Project("{FAE04EC0-301F-11D3-BF4B-00C04F79EFBC}") = "GPIOTestHarness", "GPIOTestHarness\GPIOTestHarness.csproj", "{F8F42FA9-D592-4E10-8621-A7C2C3F30B62}"
EndProject
Project("{FAE04EC0-301F-11D3-BF4B-00C04F79EFBC}") = "GPIOOutputChaser", "GPIOOutputChaser\GPIOOutputChaser.csproj", "{35B5F940-3077-47A7-B882-8EC8584125F0}"
EndProject
Project("{FAE04EC0-301F-11D3-BF4B-00C04F79EFBC}") = "ApacheWebApp", "ApacheWebApp\ApacheWebApp.csproj", "{55E33545-A3F4-4FC2-9814-2CE790DCF9A1}"
EndProject
Project("{FAE04EC0-301F-11D3-BF4B-00C04F79EFBC}") = "IrrigationControllerData", "IrrigationControllerData\IrrigationControllerData.csproj", "{DE686EF8-697A-4A21-BBFA-71283CC0A772}"
EndProject
Project("{FAE04EC0-301F-11D3-BF4B-00C04F79EFBC}") = "DataTestHarness", "DataTestHarness\DataTestHarness.csproj", "{23DDD614-DC7C-4680-B579-125C10637FDA}"
EndProject
Global
	GlobalSection(SolutionConfigurationPlatforms) = preSolution
		Debug|Any CPU = Debug|Any CPU
		Release|Any CPU = Release|Any CPU
	EndGlobalSection
	GlobalSection(ProjectConfigurationPlatforms) = postSolution
		{0C2B260A-52B8-4DCC-A6F8-76CC6E9A30E7}.Debug|Any CPU.ActiveCfg = Debug|Any CPU
		{0C2B260A-52B8-4DCC-A6F8-76CC6E9A30E7}.Debug|Any CPU.Build.0 = Debug|Any CPU
		{0C2B260A-52B8-4DCC-A6F8-76CC6E9A30E7}.Release|Any CPU.ActiveCfg = Release|Any CPU
		{0C2B260A-52B8-4DCC-A6F8-76CC6E9A30E7}.Release|Any CPU.Build.0 = Release|Any CPU
		{F8F42FA9-D592-4E10-8621-A7C2C3F30B62}.Debug|Any CPU.ActiveCfg = Debug|Any CPU
		{F8F42FA9-D592-4E10-8621-A7C2C3F30B62}.Debug|Any CPU.Build.0 = Debug|Any CPU
		{F8F42FA9-D592-4E10-8621-A7C2C3F30B62}.Release|Any CPU.ActiveCfg = Release|Any CPU
		{F8F42FA9-D592-4E10-8621-A7C2C3F30B62}.Release|Any CPU.Build.0 = Release|Any CPU
		{35B5F940-3077-47A7-B882-8EC8584125F0}.Debug|Any CPU.ActiveCfg = Debug|Any CPU
		{35B5F940-3077-47A7-B882-8EC8584125F0}.Debug|Any CPU.Build.0 = Debug|Any CPU
		{35B5F940-3077-47A7-B882-8EC8584125F0}.Release|Any CPU.ActiveCfg = Release|Any CPU
		{35B5F940-3077-47A7-B882-8EC8584125F0}.Release|Any CPU.Build.0 = Release|Any CPU
		{55E33545-A3F4-4FC2-9814-2CE790DCF9A1}.Debug|Any CPU.ActiveCfg = Debug|Any CPU
		{55E33545-A3F4-4FC2-9814-2CE790DCF9A1}.Debug|Any CPU.Build.0 = Debug|Any CPU
		{55E33545-A3F4-4FC2-9814-2CE790DCF9A1}.Release|Any CPU.ActiveCfg = Release|Any CPU
		{55E33545-A3F4-4FC2-9814-2CE790DCF9A1}.Release|Any CPU.Build.0 = Release|Any CPU
		{DE686EF8-697A-4A21-BBFA-71283CC0A772}.Debug|Any CPU.ActiveCfg = Debug|Any CPU
		{DE686EF8-697A-4A21-BBFA-71283CC0A772}.Debug|Any CPU.Build.0 = Debug|Any CPU
		{DE686EF8-697A-4A21-BBFA-71283CC0A772}.Release|Any CPU.ActiveCfg = Release|Any CPU
		{DE686EF8-697A-4A21-BBFA-71283CC0A772}.Release|Any CPU.Build.0 = Release|Any CPU
		{23DDD614-DC7C-4680-B579-125C10637FDA}.Debug|Any CPU.ActiveCfg = Debug|Any CPU
		{23DDD614-DC7C-4680-B579-125C10637FDA}.Debug|Any CPU.Build.0 = Debug|Any CPU
		{23DDD614-DC7C-4680-B579-125C10637FDA}.Release|Any CPU.ActiveCfg = Release|Any CPU
		{23DDD614-DC7C-4680-B579-125C10637FDA}.Release|Any CPU.Build.0 = Release|Any CPU
	EndGlobalSection
	GlobalSection(SolutionProperties) = preSolution
		HideSolutionNode = FALSE
	EndGlobalSection
EndGlobal
